{
  "name": "@pbl6/web",
  "version": "1.0.0",
  "lockfileVersion": 1,
  "requires": true,
  "dependencies": {
    "@babel/runtime": {
      "version": "7.15.4",
      "resolved": "https://registry.npmjs.org/@babel/runtime/-/runtime-7.15.4.tgz",
      "integrity": "sha512-99catp6bHCaxr4sJ/DbTGgHS4+Rs2RVd2g7iOap6SLGPDknRK9ztKNsE/Fg6QhSeh1FGE5f6gHGQmvvn3I3xhw==",
      "requires": {
        "regenerator-runtime": "^0.13.4"
      }
    },
    "@formatjs/ecma402-abstract": {
      "version": "1.9.8",
      "resolved": "https://registry.npmjs.org/@formatjs/ecma402-abstract/-/ecma402-abstract-1.9.8.tgz",
      "integrity": "sha512-2U4n11bLmTij/k4ePCEFKJILPYwdMcJTdnKVBi+JMWBgu5O1N+XhCazlE6QXqVO1Agh2Doh0b/9Jf1mSmSVfhA==",
      "requires": {
        "@formatjs/intl-localematcher": "0.2.20",
        "tslib": "^2.1.0"
      }
    },
    "@formatjs/fast-memoize": {
      "version": "1.2.0",
      "resolved": "https://registry.npmjs.org/@formatjs/fast-memoize/-/fast-memoize-1.2.0.tgz",
      "integrity": "sha512-fObitP9Tlc31SKrPHgkPgQpGo4+4yXfQQITTCNH8AZdEqB7Mq4nPrjpUL/tNGN3lEeJcFxDbi0haX8HM7QvQ8w==",
      "requires": {
        "tslib": "^2.1.0"
      }
    },
    "@formatjs/icu-messageformat-parser": {
      "version": "2.0.11",
      "resolved": "https://registry.npmjs.org/@formatjs/icu-messageformat-parser/-/icu-messageformat-parser-2.0.11.tgz",
      "integrity": "sha512-5mWb8U8aulYGwnDZWrr+vdgn5PilvtrqQYQ1pvpgzQes/osi85TwmL2GqTGLlKIvBKD2XNA61kAqXYY95w4LWg==",
      "requires": {
        "@formatjs/ecma402-abstract": "1.9.8",
        "@formatjs/icu-skeleton-parser": "1.2.12",
        "tslib": "^2.1.0"
      }
    },
    "@formatjs/icu-skeleton-parser": {
      "version": "1.2.12",
      "resolved": "https://registry.npmjs.org/@formatjs/icu-skeleton-parser/-/icu-skeleton-parser-1.2.12.tgz",
      "integrity": "sha512-DTFxWmEA02ZNW6fsYjGYSADvtrqqjCYF7DSgCmMfaaE0gLP4pCdAgOPE+lkXXU+jP8iCw/YhMT2Seyk/C5lBWg==",
      "requires": {
        "@formatjs/ecma402-abstract": "1.9.8",
        "tslib": "^2.1.0"
      }
    },
    "@formatjs/intl-localematcher": {
      "version": "0.2.20",
      "resolved": "https://registry.npmjs.org/@formatjs/intl-localematcher/-/intl-localematcher-0.2.20.tgz",
      "integrity": "sha512-/Ro85goRZnCojzxOegANFYL0LaDIpdPjAukR7xMTjOtRx+3yyjR0ifGTOW3/Kjhmab3t6GnyHBYWZSudxEOxPA==",
      "requires": {
        "tslib": "^2.1.0"
      }
    },
    "@internationalized/message": {
      "version": "3.0.2",
      "resolved": "https://registry.npmjs.org/@internationalized/message/-/message-3.0.2.tgz",
      "integrity": "sha512-ZZ8FQDCsri3vUB2mfDD76Vbf97DH361AiZUXKHV4BqwCtYyaNYiZqIr8KXrcMCxJvrIYVQLSn8+jeIQRO3bvtw==",
      "requires": {
        "@babel/runtime": "^7.6.2",
        "intl-messageformat": "^9.6.12"
      }
    },
    "@internationalized/number": {
      "version": "3.0.3",
      "resolved": "https://registry.npmjs.org/@internationalized/number/-/number-3.0.3.tgz",
      "integrity": "sha512-ewFoVvsxSyd9QZnknvOWPjirYqdMQhXTeDhJg3hM6C/FeZt0banpGH1nZ0SGMZXHz8NK9uAa2KVIq+jqAIOg4w==",
      "requires": {
        "@babel/runtime": "^7.6.2"
      }
    },
    "@itoa/ui": {
      "version": "file:ui"
    },
    "@react-aria/checkbox": {
      "version": "3.2.3",
      "resolved": "https://registry.npmjs.org/@react-aria/checkbox/-/checkbox-3.2.3.tgz",
      "integrity": "sha512-bLNdVefKGFA2+QT84htWHYUpxLqA5r3L4q6ilBLOzcRiKpgQM2OW2bQGLN6Zw26MKjmTzEMrR2Db+a/O5e1fUQ==",
      "requires": {
        "@babel/runtime": "^7.6.2",
        "@react-aria/label": "^3.1.3",
        "@react-aria/toggle": "^3.1.4",
        "@react-aria/utils": "^3.8.2",
        "@react-stately/checkbox": "^3.0.3",
        "@react-stately/toggle": "^3.2.3",
        "@react-types/checkbox": "^3.2.3"
      }
    },
    "@react-aria/combobox": {
      "version": "3.1.0",
      "resolved": "https://registry.npmjs.org/@react-aria/combobox/-/combobox-3.1.0.tgz",
      "integrity": "sha512-+Mqgs79k4MrjPySA6dtD/SJfGrCFs31sVIJZ1RbYf7GEyqAI1U7T5lo3kQ7UJAEAF0RKUnQGxA/RUzk9/ZPy8Q==",
      "requires": {
        "@babel/runtime": "^7.6.2",
        "@react-aria/i18n": "^3.3.2",
        "@react-aria/interactions": "^3.6.0",
        "@react-aria/listbox": "^3.3.1",
        "@react-aria/live-announcer": "^3.0.1",
        "@react-aria/menu": "^3.2.3",
        "@react-aria/overlays": "^3.7.2",
        "@react-aria/selection": "^3.6.0",
        "@react-aria/textfield": "^3.4.0",
        "@react-aria/utils": "^3.9.0",
        "@react-stately/collections": "^3.3.3",
        "@react-stately/combobox": "^3.0.1",
        "@react-stately/layout": "^3.4.0",
        "@react-types/button": "^3.4.1",
        "@react-types/combobox": "^3.1.0",
        "@react-types/shared": "^3.9.0"
      }
    },
    "@react-aria/focus": {
      "version": "3.5.0",
      "resolved": "https://registry.npmjs.org/@react-aria/focus/-/focus-3.5.0.tgz",
      "integrity": "sha512-Eib75Q6QgQdn8VVVByg5Vipaaj/C//8Bs++sQY7nkomRx4sdArOnXbDppul3YHP6mRfU9VRLvAigEUlReQF/Xw==",
      "requires": {
        "@babel/runtime": "^7.6.2",
        "@react-aria/interactions": "^3.6.0",
        "@react-aria/utils": "^3.9.0",
        "@react-types/shared": "^3.9.0",
        "clsx": "^1.1.1"
      }
    },
    "@react-aria/i18n": {
      "version": "3.3.2",
      "resolved": "https://registry.npmjs.org/@react-aria/i18n/-/i18n-3.3.2.tgz",
      "integrity": "sha512-a4AptbWLPVMJfjPdyW60TFtT4gvKAputx9YaUrIywoV/5p900AcOOc3uuL43+vuCKBzMkGUeTa1a4eL1HstDUA==",
      "requires": {
        "@babel/runtime": "^7.6.2",
        "@internationalized/message": "^3.0.2",
        "@internationalized/number": "^3.0.2",
        "@react-aria/ssr": "^3.0.3",
        "@react-aria/utils": "^3.8.2",
        "@react-types/shared": "^3.8.0"
      }
    },
    "@react-aria/interactions": {
      "version": "3.6.0",
      "resolved": "https://registry.npmjs.org/@react-aria/interactions/-/interactions-3.6.0.tgz",
      "integrity": "sha512-dMEGYIIhJ3uxDd19Z/rxuqQp9Rx9c46AInrfzAiOijQj/fTmb4ubCsuFOAQrc0sy1HCY1/ntnRZQuRgT/iS74w==",
      "requires": {
        "@babel/runtime": "^7.6.2",
        "@react-aria/utils": "^3.9.0",
        "@react-types/shared": "^3.9.0"
      }
    },
    "@react-aria/label": {
      "version": "3.2.0",
      "resolved": "https://registry.npmjs.org/@react-aria/label/-/label-3.2.0.tgz",
      "integrity": "sha512-MwwCmhLrSoVRvdM2tHyJERT7tYG1Ig7EjeSGbFXxzk1Jq3zzKJ67mWA14Ie60wgtAiJ1yfhOel4D3eUECXqLkg==",
      "requires": {
        "@babel/runtime": "^7.6.2",
        "@react-aria/utils": "^3.9.0",
        "@react-types/label": "^3.5.0",
        "@react-types/shared": "^3.9.0"
      }
    },
    "@react-aria/listbox": {
      "version": "3.3.1",
      "resolved": "https://registry.npmjs.org/@react-aria/listbox/-/listbox-3.3.1.tgz",
      "integrity": "sha512-8sYnaIt75pC87hd6bSe82lwUeF2rGIcDEjnEuzZ77kcD3CF6hnu8rjSrbRrYG+Hy+p3TNhEvCK3UM/SWW0iVQA==",
      "requires": {
        "@babel/runtime": "^7.6.2",
        "@react-aria/focus": "^3.4.1",
        "@react-aria/interactions": "^3.5.1",
        "@react-aria/label": "^3.1.3",
        "@react-aria/selection": "^3.5.1",
        "@react-aria/utils": "^3.8.2",
        "@react-stately/collections": "^3.3.3",
        "@react-stately/list": "^3.3.0",
        "@react-types/listbox": "^3.2.1",
        "@react-types/shared": "^3.8.0"
      }
    },
    "@react-aria/live-announcer": {
      "version": "3.0.1",
      "resolved": "https://registry.npmjs.org/@react-aria/live-announcer/-/live-announcer-3.0.1.tgz",
      "integrity": "sha512-c63UZ4JhXxy29F6FO1LUkQLDRzv17W4g3QQ+sy6tmFw7R5I5r8uh8jR7RCbBX7bdGCLnQDwOQ055KsM/a9MT3A==",
      "requires": {
        "@babel/runtime": "^7.6.2",
        "@react-aria/utils": "^3.8.2",
        "@react-aria/visually-hidden": "^3.2.3"
      }
    },
    "@react-aria/menu": {
      "version": "3.2.3",
      "resolved": "https://registry.npmjs.org/@react-aria/menu/-/menu-3.2.3.tgz",
      "integrity": "sha512-1bDkRRy+GaNbLxjTnvkFXuOUx4Y90GG1oSiUrD6vgP0SfFHe0IeldHT23agT9xXTkX5spdk+YgtkKNybmJ8HDA==",
      "requires": {
        "@babel/runtime": "^7.6.2",
        "@react-aria/interactions": "^3.5.1",
        "@react-aria/overlays": "^3.7.2",
        "@react-aria/selection": "^3.5.1",
        "@react-aria/utils": "^3.8.2",
        "@react-stately/collections": "^3.3.3",
        "@react-stately/menu": "^3.2.3",
        "@react-stately/tree": "^3.2.0",
        "@react-types/button": "^3.4.1",
        "@react-types/menu": "^3.3.0",
        "@react-types/shared": "^3.8.0"
      }
    },
    "@react-aria/overlays": {
      "version": "3.7.2",
      "resolved": "https://registry.npmjs.org/@react-aria/overlays/-/overlays-3.7.2.tgz",
      "integrity": "sha512-KAurJ5MJRnXCPRrO1OdAaXz253cwO5VOOp8wx3/40Zm05o5FBA15ZJZT6BD8rZQOKMCAjkI76tiZQeMQtDULcQ==",
      "requires": {
        "@babel/runtime": "^7.6.2",
        "@react-aria/i18n": "^3.3.2",
        "@react-aria/interactions": "^3.5.1",
        "@react-aria/utils": "^3.8.2",
        "@react-aria/visually-hidden": "^3.2.3",
        "@react-stately/overlays": "^3.1.3",
        "@react-types/button": "^3.4.1",
        "@react-types/overlays": "^3.5.1",
        "dom-helpers": "^3.3.1"
      }
    },
    "@react-aria/radio": {
      "version": "3.1.5",
      "resolved": "https://registry.npmjs.org/@react-aria/radio/-/radio-3.1.5.tgz",
      "integrity": "sha512-z0IDDAcLcNyCfow2d6Ija8Ge/ZsUTnDKO3oeKnJjE4qDjytXfZFOpUwQdcM8m3ZksFZoJ5dc/2DwBf/dOHWuOQ==",
      "requires": {
        "@babel/runtime": "^7.6.2",
        "@react-aria/focus": "^3.4.1",
        "@react-aria/i18n": "^3.3.2",
        "@react-aria/interactions": "^3.5.1",
        "@react-aria/label": "^3.1.3",
        "@react-aria/utils": "^3.8.2",
        "@react-stately/radio": "^3.3.2",
        "@react-types/radio": "^3.1.2"
      }
    },
    "@react-aria/selection": {
      "version": "3.6.0",
      "resolved": "https://registry.npmjs.org/@react-aria/selection/-/selection-3.6.0.tgz",
      "integrity": "sha512-i22Ix89NUAHTRFboVBgtTPqrr749UlUtWzJCnHKwY75ihYKtmeiGDkd3ULlsoWBp9VDCMsZ8Uge0g5FyHW8J+Q==",
      "requires": {
        "@babel/runtime": "^7.6.2",
        "@react-aria/focus": "^3.5.0",
        "@react-aria/i18n": "^3.3.2",
        "@react-aria/interactions": "^3.6.0",
        "@react-aria/utils": "^3.9.0",
        "@react-stately/collections": "^3.3.3",
        "@react-stately/selection": "^3.7.0",
        "@react-types/shared": "^3.9.0"
      }
    },
    "@react-aria/slider": {
      "version": "3.0.3",
      "resolved": "https://registry.npmjs.org/@react-aria/slider/-/slider-3.0.3.tgz",
      "integrity": "sha512-cXTombpZopb8Wy/g4GGmIvK1PPAmCxmgx6eM/r56wQBa/BCIIhlSUlv2SxzgV6tM8M6RnTu0NtPUFGIk3MtS1Q==",
      "requires": {
        "@babel/runtime": "^7.6.2",
        "@react-aria/focus": "^3.4.1",
        "@react-aria/i18n": "^3.3.2",
        "@react-aria/interactions": "^3.5.1",
        "@react-aria/label": "^3.1.3",
        "@react-aria/utils": "^3.8.2",
        "@react-stately/radio": "^3.3.2",
        "@react-stately/slider": "^3.0.3",
        "@react-types/radio": "^3.1.2",
        "@react-types/slider": "^3.0.2"
      }
    },
    "@react-aria/ssr": {
      "version": "3.1.0",
      "resolved": "https://registry.npmjs.org/@react-aria/ssr/-/ssr-3.1.0.tgz",
      "integrity": "sha512-RxqQKmE8sO7TGdrcSlHTcVzMP450hqowtBSd2bBS9oPlcokVkaGq28c3Rwa8ty5ctw4EBCjXqjP7xdcKMGDzug==",
      "requires": {
        "@babel/runtime": "^7.6.2"
      }
    },
    "@react-aria/tabs": {
      "version": "3.0.0-alpha.2",
      "resolved": "https://registry.npmjs.org/@react-aria/tabs/-/tabs-3.0.0-alpha.2.tgz",
      "integrity": "sha512-yHpz1HujxBcMq8e4jrHkkowzrJwuVyssCB+DuA91kt6LC0eIMZsDZY9tEhhOq+TyOhI3nbyXaDKJG6y1qB0A5A==",
      "requires": {
        "@babel/runtime": "^7.6.2",
        "@react-aria/i18n": "^3.2.0",
        "@react-aria/interactions": "^3.3.2",
        "@react-aria/selection": "^3.3.1",
        "@react-aria/utils": "^3.4.1",
        "@react-stately/list": "^3.2.2",
        "@react-stately/tabs": "3.0.0-alpha.0",
        "@react-types/shared": "^3.2.1",
        "@react-types/tabs": "3.0.0-alpha.2"
      },
      "dependencies": {
        "@react-stately/tabs": {
          "version": "3.0.0-alpha.0",
          "resolved": "https://registry.npmjs.org/@react-stately/tabs/-/tabs-3.0.0-alpha.0.tgz",
          "integrity": "sha512-QJZ9N7DT89RkP18btvQhJvxWuv/JkSwtm14ftfk+5LBbzyxyLsD2KP6jDrNhXgmkRMmIyEaMt2w2VmI6fQ6UAA==",
          "requires": {
            "@babel/runtime": "^7.6.2",
            "@react-stately/list": "^3.2.2",
            "@react-stately/utils": "^3.0.0-alpha.1",
            "@react-types/tabs": "3.0.0-alpha.2"
          }
        }
      }
    },
    "@react-aria/textfield": {
      "version": "3.4.0",
      "resolved": "https://registry.npmjs.org/@react-aria/textfield/-/textfield-3.4.0.tgz",
      "integrity": "sha512-kKig+6wvAKqJMFI1TnDr4xcL76BSm6NBqItXDdTRIO8wsOglYt4iLJXpzDijV3q4PWQ/11KZV4DohC2HLLlBhw==",
      "requires": {
        "@babel/runtime": "^7.6.2",
        "@react-aria/focus": "^3.5.0",
        "@react-aria/label": "^3.2.0",
        "@react-aria/utils": "^3.9.0",
        "@react-types/shared": "^3.9.0",
        "@react-types/textfield": "^3.3.0"
      }
    },
    "@react-aria/toggle": {
      "version": "3.1.4",
      "resolved": "https://registry.npmjs.org/@react-aria/toggle/-/toggle-3.1.4.tgz",
      "integrity": "sha512-BvIA8QLS7xBp4XrpA2Xc/o5g9SntbrEicANwvc/Xcftu+08ZRsZ4n5/RHTXUUc+i/bJ3yQoxgUwYE7Ru1IhrfA==",
      "requires": {
        "@babel/runtime": "^7.6.2",
        "@react-aria/focus": "^3.4.1",
        "@react-aria/interactions": "^3.5.1",
        "@react-aria/utils": "^3.8.2",
        "@react-stately/toggle": "^3.2.3",
        "@react-types/checkbox": "^3.2.3",
        "@react-types/shared": "^3.8.0",
        "@react-types/switch": "^3.1.2"
      }
    },
    "@react-aria/utils": {
      "version": "3.9.0",
      "resolved": "https://registry.npmjs.org/@react-aria/utils/-/utils-3.9.0.tgz",
      "integrity": "sha512-P0dEOMHGHHJ5KC8iCpaMxAtgdUdeISAm4FZnmoD5fK3JxlKEC046hUxlad83RkNOBZkT2dDvF4HeDCUqdMWHKQ==",
      "requires": {
        "@babel/runtime": "^7.6.2",
        "@react-aria/ssr": "^3.1.0",
        "@react-stately/utils": "^3.2.2",
        "@react-types/shared": "^3.9.0",
        "clsx": "^1.1.1"
      }
    },
    "@react-aria/visually-hidden": {
      "version": "3.2.3",
      "resolved": "https://registry.npmjs.org/@react-aria/visually-hidden/-/visually-hidden-3.2.3.tgz",
      "integrity": "sha512-iAe5EFI7obEOwTnIdAwWrKq+CrIJFGTw85v8fXnQ7CIVGRDblX85GOUww9bzQNPDLLRYWS4VF702ii8kV4+JCw==",
      "requires": {
        "@babel/runtime": "^7.6.2",
        "@react-aria/interactions": "^3.5.1",
        "@react-aria/utils": "^3.8.2",
        "clsx": "^1.1.1"
      }
    },
    "@react-native-aria/button": {
      "version": "0.2.4",
      "resolved": "https://registry.npmjs.org/@react-native-aria/button/-/button-0.2.4.tgz",
      "integrity": "sha512-wlu6SXI20U+N4fbPX8oh9pkL9hx8W41+cra3fa3s2xfQ6czT4KAkyvSsr1ALUBH4dRkoxxSPOcGJMGnq2K3djw==",
      "requires": {
        "@react-aria/utils": "^3.6.0",
        "@react-native-aria/interactions": "^0.2.3",
        "@react-stately/toggle": "^3.2.1",
        "@react-types/checkbox": "^3.2.1"
      }
    },
    "@react-native-aria/checkbox": {
      "version": "0.2.3",
      "resolved": "https://registry.npmjs.org/@react-native-aria/checkbox/-/checkbox-0.2.3.tgz",
      "integrity": "sha512-YtWtXGg5tvOaV6v1CmbusXoOZvGRAVYygms9qNeUF7/B8/iDNGSKjlxHE5LVOLRtJO/B9ndZnr6RkL326ceyng==",
      "requires": {
        "@react-aria/checkbox": "^3.2.1",
        "@react-aria/utils": "^3.6.0",
        "@react-native-aria/toggle": "^0.2.3",
        "@react-native-aria/utils": "^0.2.6",
        "@react-stately/toggle": "^3.2.1"
      }
    },
    "@react-native-aria/combobox": {
      "version": "0.2.4-alpha.1",
      "resolved": "https://registry.npmjs.org/@react-native-aria/combobox/-/combobox-0.2.4-alpha.1.tgz",
      "integrity": "sha512-MOxKMKVus9MsOL3l+mNRDYHeVr5kj5fYnretLofWh/dHBO2W5H7H70ZfOPDEr9s+vgaBBjHCtbbfOiimKRk6Kg==",
      "requires": {
        "@react-aria/combobox": "^3.0.0-alpha.1",
        "@react-aria/live-announcer": "^3.0.0-alpha.0",
        "@react-aria/overlays": "^3.6.1",
        "@react-aria/utils": "^3.6.0",
        "@react-native-aria/utils": "^0.2.6",
        "@react-types/button": "^3.3.1"
      }
    },
    "@react-native-aria/focus": {
      "version": "0.2.5",
      "resolved": "https://registry.npmjs.org/@react-native-aria/focus/-/focus-0.2.5.tgz",
      "integrity": "sha512-PUTGNL5JMCWJ2dNAehpQqLuSUUdkXcLlFjl52Dv84XcIUTuXRvDl5+jr4OW0jyUSGUS6ooqDNRW/PSza35P+tw==",
      "requires": {
        "@react-aria/focus": "^3.2.3"
      }
    },
    "@react-native-aria/interactions": {
      "version": "0.2.8",
      "resolved": "https://registry.npmjs.org/@react-native-aria/interactions/-/interactions-0.2.8.tgz",
      "integrity": "sha512-+LsLghBnp1fEVdLdIZGfE2izbZS0GPwc7eyiLHndnAXwXdLmyDRw71UCEjsUuNh7SO7BBR5QjHlk0cTHmyynQg==",
      "requires": {
        "@react-aria/interactions": "^3.3.2",
        "@react-aria/utils": "^3.6.0",
        "@react-native-aria/utils": "^0.2.6"
      }
    },
    "@react-native-aria/listbox": {
      "version": "0.2.4-alpha.3",
      "resolved": "https://registry.npmjs.org/@react-native-aria/listbox/-/listbox-0.2.4-alpha.3.tgz",
      "integrity": "sha512-e/y+Wdoyy/PbpFj4DVYDYMsKI+uUqnZ/0yLByqHQvzs8Ys8o69CQkyEYzHhxvFT5lCLegkLbuQN2cJd8bYNQsA==",
      "requires": {
        "@react-aria/interactions": "^3.3.2",
        "@react-aria/label": "^3.1.1",
        "@react-aria/listbox": "^3.2.4",
        "@react-aria/selection": "^3.3.2",
        "@react-aria/utils": "^3.6.0",
        "@react-native-aria/interactions": "^0.2.2",
        "@react-native-aria/utils": "^0.2.6",
        "@react-types/listbox": "^3.1.1",
        "@react-types/shared": "^3.4.0"
      }
    },
    "@react-native-aria/overlays": {
      "version": "0.2.11",
      "resolved": "https://registry.npmjs.org/@react-native-aria/overlays/-/overlays-0.2.11.tgz",
      "integrity": "sha512-wLCTXeVRkMNKJZIadLVpEI2TGV/iVPM0sby9HCovovC/TVs7avEccpNvaU3qL9//GRkLKwTVWcfG9BQ4sf8QPA==",
      "requires": {
        "@react-aria/overlays": "^3.6.0",
        "@react-native-aria/utils": "^0.2.6",
        "@react-stately/overlays": "^3.1.1",
        "@react-types/overlays": "^3.4.0"
      }
    },
    "@react-native-aria/radio": {
      "version": "0.2.5",
      "resolved": "https://registry.npmjs.org/@react-native-aria/radio/-/radio-0.2.5.tgz",
      "integrity": "sha512-kTfCjRMZH+Z2C70VxjomPO8eXBcHPa5zcuOUotyhR10WsrKZJlwwnA75t2xDq8zsxKnABJRfThv7rSlAjkFSeg==",
      "requires": {
        "@react-aria/radio": "^3.1.2",
        "@react-aria/utils": "^3.6.0",
        "@react-native-aria/interactions": "^0.2.3",
        "@react-native-aria/utils": "^0.2.6",
        "@react-stately/radio": "^3.2.1",
        "@react-types/radio": "^3.1.1"
      }
    },
    "@react-native-aria/slider": {
      "version": "0.2.5-alpha.2",
      "resolved": "https://registry.npmjs.org/@react-native-aria/slider/-/slider-0.2.5-alpha.2.tgz",
      "integrity": "sha512-eYCAGEgcmgs2x5yC1q3edq/VpZWd8P9x1ZoB6uhiyIpDViTDFTz82IWTK0jrbHC70WxWfoY+876VjiKzbjyNxw==",
      "requires": {
        "@react-aria/focus": "^3.2.3",
        "@react-aria/interactions": "^3.3.2",
        "@react-aria/label": "^3.1.1",
        "@react-aria/slider": "^3.0.1",
        "@react-aria/utils": "^3.6.0",
        "@react-native-aria/utils": "^0.2.6",
        "@react-stately/slider": "^3.0.1"
      }
    },
    "@react-native-aria/tabs": {
      "version": "0.2.8",
      "resolved": "https://registry.npmjs.org/@react-native-aria/tabs/-/tabs-0.2.8.tgz",
      "integrity": "sha512-coAiaj9NFFh8vYr/kiugqLwip8IhB6m2dL/GXPcmbK0WH531pIPXKSwgePjniETJtEP84L4PYCTZ705pRlVN8A==",
      "requires": {
        "@react-aria/selection": "^3.3.1",
        "@react-aria/tabs": "3.0.0-alpha.2",
        "@react-native-aria/interactions": "^0.2.7",
        "@react-native-aria/utils": "^0.2.7",
        "@react-stately/tabs": "3.0.0-alpha.1",
        "@react-types/tabs": "3.0.0-alpha.2"
      }
    },
    "@react-native-aria/toggle": {
      "version": "0.2.3",
      "resolved": "https://registry.npmjs.org/@react-native-aria/toggle/-/toggle-0.2.3.tgz",
      "integrity": "sha512-3aOlchMxpR0b2h3Z7V0aYZaQMVJD6uKOWKWJm82VsLrni4iDnDX/mLv30ujuuK3+LclUhVlJd2kRuCl+xnf3XQ==",
      "requires": {
        "@react-aria/focus": "^3.2.3",
        "@react-aria/utils": "^3.6.0",
        "@react-native-aria/interactions": "^0.2.3",
        "@react-native-aria/utils": "^0.2.6",
        "@react-stately/toggle": "^3.2.1",
        "@react-types/checkbox": "^3.2.1"
      }
    },
    "@react-native-aria/utils": {
      "version": "0.2.7",
      "resolved": "https://registry.npmjs.org/@react-native-aria/utils/-/utils-0.2.7.tgz",
      "integrity": "sha512-mozajHovHHYjNY28j5lrIzUQ3p3mQ7EnaKlukd0EuSaAwBboPQ1sVK9ToxPLyyixkxGe4pxy+br5ahzd6wlf5Q=="
    },
    "@react-native-async-storage/async-storage": {
      "version": "1.15.8",
      "resolved": "https://registry.npmjs.org/@react-native-async-storage/async-storage/-/async-storage-1.15.8.tgz",
      "integrity": "sha512-SIpsnmUt2Af8f/In7wu/HMeIiWBx9+T14GL4VrwtZv8+RceMejPtOwRMP8kc6xifkgg0gxwwHJ5+pEG/cEt1Mw==",
      "requires": {
        "merge-options": "^3.0.4"
      }
    },
    "@react-stately/checkbox": {
      "version": "3.0.3",
      "resolved": "https://registry.npmjs.org/@react-stately/checkbox/-/checkbox-3.0.3.tgz",
      "integrity": "sha512-amT889DTLdbjAVjZ9j9TytN73PszynGIspKi1QSUCvXeA2OVyCwShxhV0Pn7yYX8cMinvGXrjhWdhn0nhYeMdg==",
      "requires": {
        "@babel/runtime": "^7.6.2",
        "@react-stately/toggle": "^3.2.3",
        "@react-stately/utils": "^3.2.2",
        "@react-types/checkbox": "^3.2.3"
      }
    },
    "@react-stately/collections": {
      "version": "3.3.4",
      "resolved": "https://registry.npmjs.org/@react-stately/collections/-/collections-3.3.4.tgz",
      "integrity": "sha512-HnlQip9RH+3nGNh8U2U1YkCdA+zGSedQLWVCdR53w/n6To7kIp7yDLby5dkmP+9VGQEkyfsoSjwGJ1NF94CCZg==",
      "requires": {
        "@babel/runtime": "^7.6.2",
        "@react-types/shared": "^3.8.0"
      }
    },
    "@react-stately/combobox": {
      "version": "3.0.1",
      "resolved": "https://registry.npmjs.org/@react-stately/combobox/-/combobox-3.0.1.tgz",
      "integrity": "sha512-kUzlFz7ZtgE6JtxAR6f42KA/cwiJoQyBojz3jew3CQMiPmzdsqcrnVrOSrWm78IprYW1fBgnyydsLXVUTgGnfQ==",
      "requires": {
        "@babel/runtime": "^7.6.2",
        "@react-stately/list": "^3.3.0",
        "@react-stately/menu": "^3.2.3",
        "@react-stately/select": "^3.1.3",
        "@react-stately/utils": "^3.2.2",
        "@react-types/combobox": "^3.0.1",
        "@react-types/shared": "^3.8.0"
      }
    },
    "@react-stately/layout": {
      "version": "3.4.2",
      "resolved": "https://registry.npmjs.org/@react-stately/layout/-/layout-3.4.2.tgz",
      "integrity": "sha512-t+dNIDFtTHNH1Z/9nK4WACHdDlb9Af1+l9UCbZka7I1d1Bz695NCvYTrsGO8I0CuEz9M/eTSo0GzlMYZkCAp5g==",
      "requires": {
        "@babel/runtime": "^7.6.2",
        "@react-stately/virtualizer": "^3.1.5",
        "@react-types/grid": "^3.0.0",
        "@react-types/shared": "^3.8.0",
        "@react-types/table": "^3.0.0"
      }
    },
    "@react-stately/list": {
      "version": "3.3.0",
      "resolved": "https://registry.npmjs.org/@react-stately/list/-/list-3.3.0.tgz",
      "integrity": "sha512-vp/+5C6ZTy6an0WqR/o0tr3wEbRFeFnZZcGseQps036Ir3XzWMs6CvdwfXCIWiZ03nOQPRvy8GbF8j1Qj4voYQ==",
      "requires": {
        "@babel/runtime": "^7.6.2",
        "@react-stately/collections": "^3.3.3",
        "@react-stately/selection": "^3.7.0",
        "@react-stately/utils": "^3.2.2",
        "@react-types/shared": "^3.8.0"
      }
    },
    "@react-stately/menu": {
      "version": "3.2.3",
      "resolved": "https://registry.npmjs.org/@react-stately/menu/-/menu-3.2.3.tgz",
      "integrity": "sha512-r09qH8F+OaH7PTc9t2iAOfeCPy3jSg9uAwlDiGaev3zknM618XafIoQ1sWUNQYecSQ5BWWUyBYh5Vl8i2HnEvw==",
      "requires": {
        "@babel/runtime": "^7.6.2",
        "@react-stately/overlays": "^3.1.3",
        "@react-stately/utils": "^3.2.2",
        "@react-types/menu": "^3.3.0",
        "@react-types/shared": "^3.8.0"
      }
    },
    "@react-stately/overlays": {
      "version": "3.1.3",
      "resolved": "https://registry.npmjs.org/@react-stately/overlays/-/overlays-3.1.3.tgz",
      "integrity": "sha512-X8H/h9F8ZjevwJ7P8ak7v500qQd5x4Y76LsXUXrR6LtcO8FXfp2I+W8sGmBtLZwLQpTJiF1U0WMQqXLE1g6eLA==",
      "requires": {
        "@babel/runtime": "^7.6.2",
        "@react-stately/utils": "^3.2.2",
        "@react-types/overlays": "^3.5.1"
      }
    },
    "@react-stately/radio": {
      "version": "3.3.2",
      "resolved": "https://registry.npmjs.org/@react-stately/radio/-/radio-3.3.2.tgz",
      "integrity": "sha512-U1GfO7NflkyYiUP56/iFWwoLuMxE6Ydb4wEY3ZAlkMcWqes9YBQCzfPeckl6f77i+1ldc3Irs3NH9fDrKp8Oow==",
      "requires": {
        "@babel/runtime": "^7.6.2",
        "@react-stately/utils": "^3.2.2",
        "@react-types/radio": "^3.1.2"
      }
    },
    "@react-stately/select": {
      "version": "3.1.3",
      "resolved": "https://registry.npmjs.org/@react-stately/select/-/select-3.1.3.tgz",
      "integrity": "sha512-r0M2gcyyfo7vDDZGsOb64XQlVHtNQl+3mId3gYA46sHEu81C8Lhy4YSPZjItppnCLigBlm88hISl/i0e+XBx8g==",
      "requires": {
        "@babel/runtime": "^7.6.2",
        "@react-stately/collections": "^3.3.3",
        "@react-stately/list": "^3.3.0",
        "@react-stately/menu": "^3.2.3",
        "@react-stately/selection": "^3.7.0",
        "@react-stately/utils": "^3.2.2",
        "@react-types/select": "^3.3.1",
        "@react-types/shared": "^3.8.0"
      }
    },
    "@react-stately/selection": {
      "version": "3.7.0",
      "resolved": "https://registry.npmjs.org/@react-stately/selection/-/selection-3.7.0.tgz",
      "integrity": "sha512-SfYFCBx8VAEvo24tUp738bl12NiFKg8M+VUy9UeI/M5uJSScXB/F8NLGPjaDpkRD2qGJ5BEYGzD39I3eBu3EcQ==",
      "requires": {
        "@babel/runtime": "^7.6.2",
        "@react-stately/collections": "^3.3.3",
        "@react-stately/utils": "^3.2.2",
        "@react-types/shared": "^3.8.0"
      }
    },
    "@react-stately/slider": {
      "version": "3.0.3",
      "resolved": "https://registry.npmjs.org/@react-stately/slider/-/slider-3.0.3.tgz",
      "integrity": "sha512-6A9TUIYiBXyLcwUdmfGyVeEmOc9KMrrjtAfCLghDUyUFUUlxd5NO3gBs4zicdu7zbOMI/zB0kj5dWyfdZiiEmw==",
      "requires": {
        "@babel/runtime": "^7.6.2",
        "@react-aria/i18n": "^3.3.2",
        "@react-aria/utils": "^3.8.2",
        "@react-stately/utils": "^3.2.2",
        "@react-types/slider": "^3.0.2"
      }
    },
    "@react-stately/tabs": {
      "version": "3.0.0-alpha.1",
      "resolved": "https://registry.npmjs.org/@react-stately/tabs/-/tabs-3.0.0-alpha.1.tgz",
      "integrity": "sha512-aEG5lVLqmfx7A/dS5gkPXmD2ERAo69RtC0aHPo/Dw1XjzalYyo6QbQ5WtiuQxsCVx/naWGEJCcMEAD5/vt+cUQ==",
      "requires": {
        "@babel/runtime": "^7.6.2",
        "@react-stately/list": "^3.2.2",
        "@react-stately/utils": "^3.2.0",
        "@react-types/tabs": "3.0.0-alpha.2"
      }
    },
    "@react-stately/toggle": {
      "version": "3.2.3",
      "resolved": "https://registry.npmjs.org/@react-stately/toggle/-/toggle-3.2.3.tgz",
      "integrity": "sha512-p5eVjXwNo4y4CeybxfjYmbTzNMNiI67uspbRAJnawWBVWw8X+yIvRfpjYAsqmvsJ+DsvwybSTlQDT6taGoWEsA==",
      "requires": {
        "@babel/runtime": "^7.6.2",
        "@react-stately/utils": "^3.2.2",
        "@react-types/checkbox": "^3.2.3",
        "@react-types/shared": "^3.8.0"
      }
    },
    "@react-stately/tree": {
      "version": "3.2.0",
      "resolved": "https://registry.npmjs.org/@react-stately/tree/-/tree-3.2.0.tgz",
      "integrity": "sha512-FfHfs79KeXN0Yi8X5O/oRWL1ZTZByhIT++NEUX4aCO3VSxnqhcl9/ErSmH/fYr36q0xdYZsX3BFvk/fm1EDkXQ==",
      "requires": {
        "@babel/runtime": "^7.6.2",
        "@react-stately/collections": "^3.3.3",
        "@react-stately/selection": "^3.7.0",
        "@react-stately/utils": "^3.2.2",
        "@react-types/shared": "^3.8.0"
      }
    },
    "@react-stately/utils": {
      "version": "3.2.2",
      "resolved": "https://registry.npmjs.org/@react-stately/utils/-/utils-3.2.2.tgz",
      "integrity": "sha512-7NCpRMAexDdgVqbrB9uDrkDpM4Tdw5BU6Gu6IKUXmKsoDYziE6mAjaGkCZBitsrln1Cezc6euI5YPa1JqxgpJg==",
      "requires": {
        "@babel/runtime": "^7.6.2"
      }
    },
    "@react-stately/virtualizer": {
      "version": "3.1.5",
      "resolved": "https://registry.npmjs.org/@react-stately/virtualizer/-/virtualizer-3.1.5.tgz",
      "integrity": "sha512-SyOBDhURW6Dq5DyazMtj2W/ch91RaIcLPLsHXP580Tsq+Hy5oEX80B31273DAWzzBPYi6sl64w0V2m2GmCWsAA==",
      "requires": {
        "@babel/runtime": "^7.6.2",
        "@react-aria/utils": "^3.8.2",
        "@react-types/shared": "^3.8.0"
      }
    },
    "@react-types/button": {
      "version": "3.4.1",
      "resolved": "https://registry.npmjs.org/@react-types/button/-/button-3.4.1.tgz",
      "integrity": "sha512-B54M84LxdEppwjXNlkBEJyMfe9fd+bvFV7R6+NJvupGrZm/LuFNYjFcHk7yjMKWTdWm6DbpIuQz54n5qTW7Vlg==",
      "requires": {
        "@react-types/shared": "^3.8.0"
      }
    },
    "@react-types/checkbox": {
      "version": "3.2.3",
      "resolved": "https://registry.npmjs.org/@react-types/checkbox/-/checkbox-3.2.3.tgz",
      "integrity": "sha512-YqeAFyrpaxI/eW6zQ7tVkKIASgzpywRrc6C/rV6Mw0zzGGSSvmYvdOBx9yHOEvpts7dLgaGlmLK6CeG7s4yGKg==",
      "requires": {
        "@react-types/shared": "^3.8.0"
      }
    },
    "@react-types/combobox": {
      "version": "3.1.0",
      "resolved": "https://registry.npmjs.org/@react-types/combobox/-/combobox-3.1.0.tgz",
      "integrity": "sha512-/2mKPrV8P+Gad9z3X2BIAscglu6yJbb372Hu90BLoxTk0T0Z/W9AdbEXPPKEq06osY7LzzwHm/v6QWkSosczeA==",
      "requires": {
        "@react-types/shared": "^3.9.0"
      }
    },
    "@react-types/grid": {
      "version": "3.0.0",
      "resolved": "https://registry.npmjs.org/@react-types/grid/-/grid-3.0.0.tgz",
      "integrity": "sha512-OO3i2KfCzyLPK7fPYlVEybobiQmjZGT53rncwzOWAqD3YihTueGXYeAIpbbIZ75BrJzdcntfedPqcWwYNOaNbw==",
      "requires": {
        "@react-types/shared": "^3.8.0"
      }
    },
    "@react-types/label": {
      "version": "3.5.0",
      "resolved": "https://registry.npmjs.org/@react-types/label/-/label-3.5.0.tgz",
      "integrity": "sha512-a9lpQUyV4XwsZv0gV1jPjPWicSSa+DRliuXLTwORirxNLF0kMk89DLYf0a9CZhiEniJYqoqR3laJDvLAFW1x/Q==",
      "requires": {
        "@react-types/shared": "^3.9.0"
      }
    },
    "@react-types/listbox": {
      "version": "3.2.1",
      "resolved": "https://registry.npmjs.org/@react-types/listbox/-/listbox-3.2.1.tgz",
      "integrity": "sha512-uBYx5BgL8gyH62UhSXAFyFDwAD4ALcK5gjOk+p/vWsFm0vvmtutALkb3yYjDQvwdI89pSZDjN4j7QChCmlNcmQ==",
      "requires": {
        "@react-types/shared": "^3.8.0"
      }
    },
    "@react-types/menu": {
      "version": "3.4.1",
      "resolved": "https://registry.npmjs.org/@react-types/menu/-/menu-3.4.1.tgz",
      "integrity": "sha512-9xx7x13h2/DpnD8m2+eN09ViEwXldYXGtD0WSExO99ZulNi4tbzwJfnUBBJWj1aq9v2ZgObECOSqwkIDOJo6qA==",
      "requires": {
        "@react-types/overlays": "^3.5.1",
        "@react-types/shared": "^3.9.0"
      }
    },
    "@react-types/overlays": {
      "version": "3.5.1",
      "resolved": "https://registry.npmjs.org/@react-types/overlays/-/overlays-3.5.1.tgz",
      "integrity": "sha512-T3o6wQ5NNm1rSniIa01bIa6fALC8jbwpYxFMaQRrdEpIvwktt0Fi5Xo6/97+oe4HvzzU0JMhtwWDTdRySvgeZw==",
      "requires": {
        "@react-types/shared": "^3.8.0"
      }
    },
    "@react-types/radio": {
      "version": "3.1.2",
      "resolved": "https://registry.npmjs.org/@react-types/radio/-/radio-3.1.2.tgz",
      "integrity": "sha512-vkIic8abrVUyl/YjKU3yTVwn8QgebzuadfV89PsaKc3hdmSiHhDsln5wYsfWOEotqMwPrG1aEv9yRMYO78OQXQ==",
      "requires": {
        "@react-types/shared": "^3.8.0"
      }
    },
    "@react-types/select": {
      "version": "3.4.0",
      "resolved": "https://registry.npmjs.org/@react-types/select/-/select-3.4.0.tgz",
      "integrity": "sha512-AoraJ9WQfot6tsj3JLMZIQWWG5Hzkwm5UHfhmXg1UDFIzVoPpQicFRd8y76qZxyXsyTTfxgS9lKe9cgBRJPDVw==",
      "requires": {
        "@react-types/shared": "^3.9.0"
      }
    },
    "@react-types/shared": {
      "version": "3.9.0",
      "resolved": "https://registry.npmjs.org/@react-types/shared/-/shared-3.9.0.tgz",
      "integrity": "sha512-YYksINfR6q92P10AhPEGo47Hd7oz1hrnZ6Vx8Gsrq62IbqDdv1XOTzPBaj17Z1ymNY2pitLUSEXsLmozt4wxxQ=="
    },
    "@react-types/slider": {
      "version": "3.0.2",
      "resolved": "https://registry.npmjs.org/@react-types/slider/-/slider-3.0.2.tgz",
      "integrity": "sha512-cok3e2fLpSGXggwtACDH5WYERhAQtHmyjbYANvf4CA855h7uMbX9L+wuRnvaj+j2W79oE9INDDBt7lG+vJuSiA==",
      "requires": {
        "@react-types/shared": "^3.8.0"
      }
    },
    "@react-types/switch": {
      "version": "3.1.2",
      "resolved": "https://registry.npmjs.org/@react-types/switch/-/switch-3.1.2.tgz",
      "integrity": "sha512-EaYWoLvUCpOnt//Ov8VBxOjbs4hBpYE/rBAzzIknXaFvKOu867iZBFL7FJbcemOgC8/dwyaj6GUZ1Gw3Z1g59w==",
      "requires": {
        "@react-types/checkbox": "^3.2.3",
        "@react-types/shared": "^3.8.0"
      }
    },
    "@react-types/table": {
      "version": "3.0.0",
      "resolved": "https://registry.npmjs.org/@react-types/table/-/table-3.0.0.tgz",
      "integrity": "sha512-8tF2C86LCIFucncF6lXEVdioKWY+86/YwBtwr9ND9Qq3MWv8zoHS66CGrvw3LYBOoCCk3MMZ53Du7TKT6p2eUQ==",
      "requires": {
        "@react-types/grid": "^3.0.0",
        "@react-types/shared": "^3.8.0"
      }
    },
    "@react-types/tabs": {
      "version": "3.0.0-alpha.2",
      "resolved": "https://registry.npmjs.org/@react-types/tabs/-/tabs-3.0.0-alpha.2.tgz",
      "integrity": "sha512-HQNS2plzuNhKPo88OGEW2Ja9aLeiWqgNqEemSxh0KAjkA8IsvDGaoQEpr9ZQIyBZ3PQIljvOpEJ/IwHU5LztrQ==",
      "requires": {
        "@react-types/shared": "^3.2.1"
      }
    },
    "@react-types/textfield": {
      "version": "3.3.0",
      "resolved": "https://registry.npmjs.org/@react-types/textfield/-/textfield-3.3.0.tgz",
      "integrity": "sha512-lOf0tx3c3dVaomH/uvKpOKFVTXQ232kLnMhOJTtj97JDX7fTr3SNhDUV0G8Zf4M0vr+l+xkTrJkywYE23rzliw==",
      "requires": {
        "@react-types/shared": "^3.9.0"
      }
    },
    "@types/lodash": {
      "version": "4.14.173",
      "resolved": "https://registry.npmjs.org/@types/lodash/-/lodash-4.14.173.tgz",
      "integrity": "sha512-vv0CAYoaEjCw/mLy96GBTnRoZrSxkGE0BKzKimdR8P3OzrNYNvBgtW7p055A+E8C31vXNUhWKoFCbhq7gbyhFg=="
    },
    "@types/lodash.has": {
      "version": "4.5.6",
      "resolved": "https://registry.npmjs.org/@types/lodash.has/-/lodash.has-4.5.6.tgz",
      "integrity": "sha512-SpUCvze0uHilQX/mt4K/cak5OQny1pVfz3pJx6H70dE3Tvw9s7EtlMK+vY6UBS+PQgETDfv6vhwoa3FPS2wrhg==",
      "requires": {
        "@types/lodash": "*"
      }
    },
    "@types/styled-system": {
      "version": "5.1.13",
      "resolved": "https://registry.npmjs.org/@types/styled-system/-/styled-system-5.1.13.tgz",
      "integrity": "sha512-RtpV6zXnnMQNcxKjC06BUM4MUER5o9uZ6b7xAc2OzhWxSsmQ3jXyW8ohuXdEJRKypEe0EqAzbSGx2Im0NXfdKA==",
      "requires": {
        "csstype": "^3.0.2"
      }
    },
    "clsx": {
      "version": "1.1.1",
      "resolved": "https://registry.npmjs.org/clsx/-/clsx-1.1.1.tgz",
      "integrity": "sha512-6/bPho624p3S2pMyvP5kKBPXnI3ufHLObBFCfgx+LkeR5lg2XYy2hqZqUf45ypD8COn2bhgGJSUE+l5dhNBieA=="
    },
    "csstype": {
      "version": "3.0.9",
      "resolved": "https://registry.npmjs.org/csstype/-/csstype-3.0.9.tgz",
      "integrity": "sha512-rpw6JPxK6Rfg1zLOYCSwle2GFOOsnjmDYDaBwEcwoOg4qlsIVCN789VkBZDJAGi4T07gI4YSutR43t9Zz4Lzuw=="
    },
    "dom-helpers": {
      "version": "3.4.0",
      "resolved": "https://registry.npmjs.org/dom-helpers/-/dom-helpers-3.4.0.tgz",
      "integrity": "sha512-LnuPJ+dwqKDIyotW1VzmOZ5TONUN7CwkCR5hrgawTUbkBGYdeoNLZo6nNfGkCrjtE1nXXaj7iMMpDa8/d9WoIA==",
      "requires": {
        "@babel/runtime": "^7.1.2"
      }
    },
    "intl-messageformat": {
      "version": "9.9.1",
      "resolved": "https://registry.npmjs.org/intl-messageformat/-/intl-messageformat-9.9.1.tgz",
      "integrity": "sha512-cuzS/XKHn//hvKka77JKU2dseiVY2dofQjIOZv6ZFxFt4Z9sPXnZ7KQ9Ak2r+4XBCjI04MqJ1PhKs/3X22AkfA==",
      "requires": {
        "@formatjs/fast-memoize": "1.2.0",
        "@formatjs/icu-messageformat-parser": "2.0.11",
        "tslib": "^2.1.0"
      }
    },
    "is-plain-obj": {
      "version": "2.1.0",
      "resolved": "https://registry.npmjs.org/is-plain-obj/-/is-plain-obj-2.1.0.tgz",
      "integrity": "sha512-YWnfyRwxL/+SsrWYfOpUtz5b3YD+nyfkHvjbcanzk8zgyO4ASD67uVMRt8k5bM4lLMDnXfriRhOpemw+NfT1eA=="
    },
    "lodash.clonedeep": {
      "version": "4.5.0",
      "resolved": "https://registry.npmjs.org/lodash.clonedeep/-/lodash.clonedeep-4.5.0.tgz",
      "integrity": "sha1-4j8/nE+Pvd6HJSnBBxhXoIblzO8="
    },
    "lodash.get": {
      "version": "4.4.2",
      "resolved": "https://registry.npmjs.org/lodash.get/-/lodash.get-4.4.2.tgz",
      "integrity": "sha1-LRd/ZS+jHpObRDjVNBSZ36OCXpk="
    },
    "lodash.has": {
      "version": "4.5.2",
      "resolved": "https://registry.npmjs.org/lodash.has/-/lodash.has-4.5.2.tgz",
      "integrity": "sha1-0Z9NwQlQWMzL4rDN9O4P5Ko3yGI="
    },
    "lodash.isempty": {
      "version": "4.4.0",
      "resolved": "https://registry.npmjs.org/lodash.isempty/-/lodash.isempty-4.4.0.tgz",
      "integrity": "sha1-b4bL7di+TsmHvpqvM8loTbGzHn4="
    },
    "lodash.isequal": {
      "version": "4.5.0",
      "resolved": "https://registry.npmjs.org/lodash.isequal/-/lodash.isequal-4.5.0.tgz",
      "integrity": "sha1-QVxEePK8wwEgwizhDtMib30+GOA="
    },
    "lodash.isnil": {
      "version": "4.0.0",
      "resolved": "https://registry.npmjs.org/lodash.isnil/-/lodash.isnil-4.0.0.tgz",
      "integrity": "sha1-SeKM1VkBNFjIFMVHnTxmOiG/qmw="
    },
    "lodash.merge": {
      "version": "4.6.2",
      "resolved": "https://registry.npmjs.org/lodash.merge/-/lodash.merge-4.6.2.tgz",
      "integrity": "sha512-0KpjqXRVvrYyCsX1swR/XTK0va6VQkQM6MNo7PqW77ByjAhoARA8EfrP1N4+KlKj8YS0ZUCtRT/YUuhyYDujIQ=="
    },
    "lodash.mergewith": {
      "version": "4.6.2",
      "resolved": "https://registry.npmjs.org/lodash.mergewith/-/lodash.mergewith-4.6.2.tgz",
      "integrity": "sha512-GK3g5RPZWTRSeLSpgP8Xhra+pnjBC56q9FZYe1d5RN3TJ35dbkGy3YqBSMbyCrlbi+CM9Z3Jk5yTL7RCsqboyQ=="
    },
    "lodash.omit": {
      "version": "4.5.0",
      "resolved": "https://registry.npmjs.org/lodash.omit/-/lodash.omit-4.5.0.tgz",
      "integrity": "sha1-brGa5aHuHdnfC5aeZs4Lf6MLXmA="
    },
    "lodash.omitby": {
      "version": "4.6.0",
      "resolved": "https://registry.npmjs.org/lodash.omitby/-/lodash.omitby-4.6.0.tgz",
      "integrity": "sha1-XBX/R1StVVAWtTwEExHo8HkgR5E="
    },
    "lodash.pick": {
      "version": "4.4.0",
      "resolved": "https://registry.npmjs.org/lodash.pick/-/lodash.pick-4.4.0.tgz",
      "integrity": "sha1-UvBWEP/53tQiYRRB7R/BI6AwAbM="
    },
    "merge-options": {
      "version": "3.0.4",
      "resolved": "https://registry.npmjs.org/merge-options/-/merge-options-3.0.4.tgz",
      "integrity": "sha512-2Sug1+knBjkaMsMgf1ctR1Ujx+Ayku4EdJN4Z+C2+JzoeF7A3OZ9KM2GY0CpQS51NR61LTurMJrRKPhSs3ZRTQ==",
      "requires": {
        "is-plain-obj": "^2.1.0"
      }
    },
    "native-base": {
      "version": "3.2.0",
      "resolved": "https://registry.npmjs.org/native-base/-/native-base-3.2.0.tgz",
      "integrity": "sha512-s7lM0/xupz3AMVMMl59z8yl15T2cbnR662gwgXXGOpiFk10dR61jP3q8kGap+GRF8lRssKAZkN/a0OqV/JFAHA==",
      "requires": {
        "@react-aria/focus": "^3.2.3",
        "@react-aria/utils": "^3.6.0",
        "@react-aria/visually-hidden": "^3.2.1",
        "@react-native-aria/button": "^0.2.4",
        "@react-native-aria/checkbox": "^0.2.2",
        "@react-native-aria/combobox": "^0.2.4-alpha.0",
        "@react-native-aria/focus": "^0.2.4",
        "@react-native-aria/interactions": "^0.2.2",
        "@react-native-aria/listbox": "^0.2.4-alpha.3",
        "@react-native-aria/overlays": "^0.2.9",
        "@react-native-aria/radio": "^0.2.4",
        "@react-native-aria/slider": "^0.2.5-alpha.1",
        "@react-native-aria/tabs": "^0.2.7",
        "@react-native-aria/utils": "^0.2.7",
        "@react-stately/combobox": "^3.0.0-alpha.1",
        "@react-stately/radio": "^3.2.1",
        "@types/lodash.has": "^4.5.6",
        "@types/styled-system": "^5.1.9",
        "lodash.clonedeep": "^4.5.0",
        "lodash.get": "^4.4.2",
        "lodash.has": "^4.5.2",
        "lodash.isempty": "^4.4.0",
        "lodash.isequal": "^4.5.0",
        "lodash.isnil": "^4.0.0",
        "lodash.merge": "^4.6.2",
        "lodash.mergewith": "^4.6.2",
        "lodash.omit": "^4.5.0",
        "lodash.omitby": "^4.6.0",
        "lodash.pick": "^4.4.0",
        "tinycolor2": "^1.4.2"
      }
    },
    "regenerator-runtime": {
      "version": "0.13.9",
      "resolved": "https://registry.npmjs.org/regenerator-runtime/-/regenerator-runtime-0.13.9.tgz",
      "integrity": "sha512-p3VT+cOEgxFsRRA9X4lkI1E+k2/CtnKtU4gcxyaCUreilL/vqI6CdZ3wxVUx3UOUg+gnUOQQcRI7BmSI656MYA=="
    },
    "tinycolor2": {
      "version": "1.4.2",
      "resolved": "https://registry.npmjs.org/tinycolor2/-/tinycolor2-1.4.2.tgz",
      "integrity": "sha512-vJhccZPs965sV/L2sU4oRQVAos0pQXwsvTLkWYdqJ+a8Q5kPFzJTuOFwy7UniPli44NKQGAglksjvOcpo95aZA=="
    },
    "tslib": {
      "version": "2.3.1",
      "resolved": "https://registry.npmjs.org/tslib/-/tslib-2.3.1.tgz",
      "integrity": "sha512-77EbyPPpMz+FRFRuAFlWMtmgUWGe9UOG2Z25NqCwiIjRhOf5iKGuzSe5P2w1laq+FkRy4p+PCuVkJSGkzTEKVw=="
    }
  }
}
